
Microsoft Visual Studio Solution File, Format Version 12.00
# Visual Studio Version 17
VisualStudioVersion = 17.0.32126.317
MinimumVisualStudioVersion = 10.0.40219.1
Project("{9A19103F-16F7-4668-BE54-9A1E7A4F7556}") = "OdeToFood", "OdeToFood\OdeToFood.csproj", "{121ECF5F-F26B-4D17-953F-DB3F7B76E6FA}"
EndProject
Project("{9A19103F-16F7-4668-BE54-9A1E7A4F7556}") = "OdeToFood.Core", "OdeToFood.Core\OdeToFood.Core.csproj", "{7DDBE9E1-9546-44DE-9C88-9C38E75FF04B}"
EndProject
Project("{9A19103F-16F7-4668-BE54-9A1E7A4F7556}") = "OdeToFood.Data", "OdeToFood.Data\OdeToFood.Data.csproj", "{7E4146FE-9EAA-4B63-9A14-E768C14416AA}"
EndProject
Global
	GlobalSection(SolutionConfigurationPlatforms) = preSolution
		Debug|Any CPU = Debug|Any CPU
		Release|Any CPU = Release|Any CPU
	EndGlobalSection
	GlobalSection(ProjectConfigurationPlatforms) = postSolution
		{121ECF5F-F26B-4D17-953F-DB3F7B76E6FA}.Debug|Any CPU.ActiveCfg = Debug|Any CPU
		{121ECF5F-F26B-4D17-953F-DB3F7B76E6FA}.Debug|Any CPU.Build.0 = Debug|Any CPU
		{121ECF5F-F26B-4D17-953F-DB3F7B76E6FA}.Release|Any CPU.ActiveCfg = Release|Any CPU
		{121ECF5F-F26B-4D17-953F-DB3F7B76E6FA}.Release|Any CPU.Build.0 = Release|Any CPU
		{7DDBE9E1-9546-44DE-9C88-9C38E75FF04B}.Debug|Any CPU.ActiveCfg = Debug|Any CPU
		{7DDBE9E1-9546-44DE-9C88-9C38E75FF04B}.Debug|Any CPU.Build.0 = Debug|Any CPU
		{7DDBE9E1-9546-44DE-9C88-9C38E75FF04B}.Release|Any CPU.ActiveCfg = Release|Any CPU
		{7DDBE9E1-9546-44DE-9C88-9C38E75FF04B}.Release|Any CPU.Build.0 = Release|Any CPU
		{7E4146FE-9EAA-4B63-9A14-E768C14416AA}.Debug|Any CPU.ActiveCfg = Debug|Any CPU
		{7E4146FE-9EAA-4B63-9A14-E768C14416AA}.Debug|Any CPU.Build.0 = Debug|Any CPU
		{7E4146FE-9EAA-4B63-9A14-E768C14416AA}.Release|Any CPU.ActiveCfg = Release|Any CPU
		{7E4146FE-9EAA-4B63-9A14-E768C14416AA}.Release|Any CPU.Build.0 = Release|Any CPU
	EndGlobalSection
	GlobalSection(SolutionProperties) = preSolution
		HideSolutionNode = FALSE
	EndGlobalSection
	GlobalSection(ExtensibilityGlobals) = postSolution
		SolutionGuid = {85EBE88A-A14D-46F4-B813-E1BDFFE55746}
	EndGlobalSection
EndGlobal
